
Microsoft Visual Studio Solution File, Format Version 12.00
# Visual Studio Version 16
VisualStudioVersion = 16.0.31306.274
MinimumVisualStudioVersion = 10.0.40219.1
Project("{FAE04EC0-301F-11D3-BF4B-00C04F79EFBC}") = "WardenBot", "WardenBot\WardenBot.csproj", "{9B21B65A-D4E5-4752-AF57-ED2B58172753}"
EndProject
Global
	GlobalSection(SolutionConfigurationPlatforms) = preSolution
		Debug|Any CPU = Debug|Any CPU
		Release|Any CPU = Release|Any CPU
	EndGlobalSection
	GlobalSection(ProjectConfigurationPlatforms) = postSolution
		{9B21B65A-D4E5-4752-AF57-ED2B58172753}.Debug|Any CPU.ActiveCfg = Debug|Any CPU
		{9B21B65A-D4E5-4752-AF57-ED2B58172753}.Debug|Any CPU.Build.0 = Debug|Any CPU
		{9B21B65A-D4E5-4752-AF57-ED2B58172753}.Release|Any CPU.ActiveCfg = Release|Any CPU
		{9B21B65A-D4E5-4752-AF57-ED2B58172753}.Release|Any CPU.Build.0 = Release|Any CPU
	EndGlobalSection
	GlobalSection(SolutionProperties) = preSolution
		HideSolutionNode = FALSE
	EndGlobalSection
	GlobalSection(ExtensibilityGlobals) = postSolution
		SolutionGuid = {3863C761-B932-441D-AB44-E092068B8611}
	EndGlobalSection
EndGlobal
